
Microsoft Visual Studio Solution File, Format Version 12.00
# Visual Studio 15
Project("{FAE04EC0-301F-11D3-BF4B-00C04F79EFBC}") = "Assembly-CSharp-Editor", "Assembly-CSharp-Editor.csproj", "{434CD3D0-B723-D269-9AB9-9938ACD858CC}"
EndProject
Project("{FAE04EC0-301F-11D3-BF4B-00C04F79EFBC}") = "Assembly-CSharp", "Assembly-CSharp.csproj", "{E490967A-323D-CB89-8A08-9148C6DFA7F8}"
EndProject
Global
	GlobalSection(SolutionConfigurationPlatforms) = preSolution
		Debug|Any CPU = Debug|Any CPU
		Release|Any CPU = Release|Any CPU
	EndGlobalSection
	GlobalSection(ProjectConfigurationPlatforms) = postSolution
		{434CD3D0-B723-D269-9AB9-9938ACD858CC}.Debug|Any CPU.ActiveCfg = Debug|Any CPU
		{434CD3D0-B723-D269-9AB9-9938ACD858CC}.Debug|Any CPU.Build.0 = Debug|Any CPU
		{434CD3D0-B723-D269-9AB9-9938ACD858CC}.Release|Any CPU.ActiveCfg = Release|Any CPU
		{434CD3D0-B723-D269-9AB9-9938ACD858CC}.Release|Any CPU.Build.0 = Release|Any CPU
		{E490967A-323D-CB89-8A08-9148C6DFA7F8}.Debug|Any CPU.ActiveCfg = Debug|Any CPU
		{E490967A-323D-CB89-8A08-9148C6DFA7F8}.Debug|Any CPU.Build.0 = Debug|Any CPU
		{E490967A-323D-CB89-8A08-9148C6DFA7F8}.Release|Any CPU.ActiveCfg = Release|Any CPU
		{E490967A-323D-CB89-8A08-9148C6DFA7F8}.Release|Any CPU.Build.0 = Release|Any CPU
	EndGlobalSection
	GlobalSection(SolutionProperties) = preSolution
		HideSolutionNode = FALSE
	EndGlobalSection
EndGlobal
